
Microsoft Visual Studio Solution File, Format Version 12.00
# Visual Studio 15
Project("{FAE04EC0-301F-11D3-BF4B-00C04F79EFBC}") = "fpscontroller.Plugins", "fpscontroller.Plugins.csproj", "{AFBA7AAB-09AE-ABBE-E0A8-523ED7EE7FD4}"
EndProject
Project("{FAE04EC0-301F-11D3-BF4B-00C04F79EFBC}") = "fpscontroller", "fpscontroller.csproj", "{35A493B7-9E19-1C26-E7A7-AE9D88FAFF88}"
EndProject
Project("{FAE04EC0-301F-11D3-BF4B-00C04F79EFBC}") = "fpscontroller.Editor.Plugins", "fpscontroller.Editor.Plugins.csproj", "{8E545DF3-2A82-7700-BA2A-07D37A90BDB1}"
EndProject
Global
	GlobalSection(SolutionConfigurationPlatforms) = preSolution
		Debug|Any CPU = Debug|Any CPU
		Release|Any CPU = Release|Any CPU
	EndGlobalSection
	GlobalSection(ProjectConfigurationPlatforms) = postSolution
		{AFBA7AAB-09AE-ABBE-E0A8-523ED7EE7FD4}.Debug|Any CPU.ActiveCfg = Debug|Any CPU
		{AFBA7AAB-09AE-ABBE-E0A8-523ED7EE7FD4}.Debug|Any CPU.Build.0 = Debug|Any CPU
		{AFBA7AAB-09AE-ABBE-E0A8-523ED7EE7FD4}.Release|Any CPU.ActiveCfg = Release|Any CPU
		{AFBA7AAB-09AE-ABBE-E0A8-523ED7EE7FD4}.Release|Any CPU.Build.0 = Release|Any CPU
		{35A493B7-9E19-1C26-E7A7-AE9D88FAFF88}.Debug|Any CPU.ActiveCfg = Debug|Any CPU
		{35A493B7-9E19-1C26-E7A7-AE9D88FAFF88}.Debug|Any CPU.Build.0 = Debug|Any CPU
		{35A493B7-9E19-1C26-E7A7-AE9D88FAFF88}.Release|Any CPU.ActiveCfg = Release|Any CPU
		{35A493B7-9E19-1C26-E7A7-AE9D88FAFF88}.Release|Any CPU.Build.0 = Release|Any CPU
		{8E545DF3-2A82-7700-BA2A-07D37A90BDB1}.Debug|Any CPU.ActiveCfg = Debug|Any CPU
		{8E545DF3-2A82-7700-BA2A-07D37A90BDB1}.Debug|Any CPU.Build.0 = Debug|Any CPU
		{8E545DF3-2A82-7700-BA2A-07D37A90BDB1}.Release|Any CPU.ActiveCfg = Release|Any CPU
		{8E545DF3-2A82-7700-BA2A-07D37A90BDB1}.Release|Any CPU.Build.0 = Release|Any CPU
	EndGlobalSection
	GlobalSection(SolutionProperties) = preSolution
		HideSolutionNode = FALSE
	EndGlobalSection
EndGlobal
