
Microsoft Visual Studio Solution File, Format Version 12.00
# Visual Studio 2015
Project("{FAE04EC0-301F-11D3-BF4B-00C04F79EFBC}") = "FpsController.Plugins", "FpsController.Plugins.csproj", "{113303FC-F68C-5299-1718-59E01191F401}"
EndProject
Project("{FAE04EC0-301F-11D3-BF4B-00C04F79EFBC}") = "FpsController", "FpsController.csproj", "{E823DE68-F4C7-48FC-9050-CD9BEE21145E}"
EndProject
Project("{FAE04EC0-301F-11D3-BF4B-00C04F79EFBC}") = "FpsController.Editor.Plugins", "FpsController.Editor.Plugins.csproj", "{DF9F5B4F-2D86-1E67-24C8-67A5C3353AD5}"
EndProject
Global
	GlobalSection(SolutionConfigurationPlatforms) = preSolution
		Debug|Any CPU = Debug|Any CPU
		Release|Any CPU = Release|Any CPU
	EndGlobalSection
	GlobalSection(ProjectConfigurationPlatforms) = postSolution
		{113303FC-F68C-5299-1718-59E01191F401}.Debug|Any CPU.ActiveCfg = Debug|Any CPU
		{113303FC-F68C-5299-1718-59E01191F401}.Debug|Any CPU.Build.0 = Debug|Any CPU
		{113303FC-F68C-5299-1718-59E01191F401}.Release|Any CPU.ActiveCfg = Release|Any CPU
		{113303FC-F68C-5299-1718-59E01191F401}.Release|Any CPU.Build.0 = Release|Any CPU
		{E823DE68-F4C7-48FC-9050-CD9BEE21145E}.Debug|Any CPU.ActiveCfg = Debug|Any CPU
		{E823DE68-F4C7-48FC-9050-CD9BEE21145E}.Debug|Any CPU.Build.0 = Debug|Any CPU
		{E823DE68-F4C7-48FC-9050-CD9BEE21145E}.Release|Any CPU.ActiveCfg = Release|Any CPU
		{E823DE68-F4C7-48FC-9050-CD9BEE21145E}.Release|Any CPU.Build.0 = Release|Any CPU
		{DF9F5B4F-2D86-1E67-24C8-67A5C3353AD5}.Debug|Any CPU.ActiveCfg = Debug|Any CPU
		{DF9F5B4F-2D86-1E67-24C8-67A5C3353AD5}.Debug|Any CPU.Build.0 = Debug|Any CPU
		{DF9F5B4F-2D86-1E67-24C8-67A5C3353AD5}.Release|Any CPU.ActiveCfg = Release|Any CPU
		{DF9F5B4F-2D86-1E67-24C8-67A5C3353AD5}.Release|Any CPU.Build.0 = Release|Any CPU
	EndGlobalSection
	GlobalSection(SolutionProperties) = preSolution
		HideSolutionNode = FALSE
	EndGlobalSection
EndGlobal
